
Microsoft Visual Studio Solution File, Format Version 12.00
# Visual Studio Version 17
VisualStudioVersion = 17.2.32427.441
MinimumVisualStudioVersion = 10.0.40219.1
Project("{8BC9CEB8-8B4A-11D0-8D11-00A0C91BC942}") = "DigitConvertor", "DigitConvertor\DigitConvertor.vcxproj", "{7B6A9379-B62E-4F48-ABF7-885FC88DBB70}"
EndProject
Global
	GlobalSection(SolutionConfigurationPlatforms) = preSolution
		Debug|x64 = Debug|x64
		Debug|x86 = Debug|x86
		Release|x64 = Release|x64
		Release|x86 = Release|x86
	EndGlobalSection
	GlobalSection(ProjectConfigurationPlatforms) = postSolution
		{7B6A9379-B62E-4F48-ABF7-885FC88DBB70}.Debug|x64.ActiveCfg = Debug|x64
		{7B6A9379-B62E-4F48-ABF7-885FC88DBB70}.Debug|x64.Build.0 = Debug|x64
		{7B6A9379-B62E-4F48-ABF7-885FC88DBB70}.Debug|x86.ActiveCfg = Debug|Win32
		{7B6A9379-B62E-4F48-ABF7-885FC88DBB70}.Debug|x86.Build.0 = Debug|Win32
		{7B6A9379-B62E-4F48-ABF7-885FC88DBB70}.Release|x64.ActiveCfg = Release|x64
		{7B6A9379-B62E-4F48-ABF7-885FC88DBB70}.Release|x64.Build.0 = Release|x64
		{7B6A9379-B62E-4F48-ABF7-885FC88DBB70}.Release|x86.ActiveCfg = Release|Win32
		{7B6A9379-B62E-4F48-ABF7-885FC88DBB70}.Release|x86.Build.0 = Release|Win32
	EndGlobalSection
	GlobalSection(SolutionProperties) = preSolution
		HideSolutionNode = FALSE
	EndGlobalSection
	GlobalSection(ExtensibilityGlobals) = postSolution
		SolutionGuid = {F29FD6C6-BDE3-417F-B132-325A8105231F}
	EndGlobalSection
EndGlobal
